
Microsoft Visual Studio Solution File, Format Version 12.00
# Visual Studio Version 16
VisualStudioVersion = 16.0.29926.136
MinimumVisualStudioVersion = 10.0.40219.1
Project("{FAE04EC0-301F-11D3-BF4B-00C04F79EFBC}") = "Capstone2", "Capstone2\Capstone2.csproj", "{9A8B68E1-ED83-44E1-86B2-DACAEB12C2FD}"
EndProject
Global
	GlobalSection(SolutionConfigurationPlatforms) = preSolution
		Debug|Any CPU = Debug|Any CPU
		Release|Any CPU = Release|Any CPU
	EndGlobalSection
	GlobalSection(ProjectConfigurationPlatforms) = postSolution
		{9A8B68E1-ED83-44E1-86B2-DACAEB12C2FD}.Debug|Any CPU.ActiveCfg = Debug|Any CPU
		{9A8B68E1-ED83-44E1-86B2-DACAEB12C2FD}.Debug|Any CPU.Build.0 = Debug|Any CPU
		{9A8B68E1-ED83-44E1-86B2-DACAEB12C2FD}.Release|Any CPU.ActiveCfg = Release|Any CPU
		{9A8B68E1-ED83-44E1-86B2-DACAEB12C2FD}.Release|Any CPU.Build.0 = Release|Any CPU
	EndGlobalSection
	GlobalSection(SolutionProperties) = preSolution
		HideSolutionNode = FALSE
	EndGlobalSection
	GlobalSection(ExtensibilityGlobals) = postSolution
		SolutionGuid = {C2D6C53E-B04A-4E04-BC4F-763EA3A0F89A}
	EndGlobalSection
EndGlobal
